{
  "name": "frontEnd",
  "lockfileVersion": 3,
  "requires": true,
  "packages": {
    "": {
      "dependencies": {
        "remixicon": "^4.4.0"
      }
    },
    "node_modules/remixicon": {
      "version": "4.4.0",
      "resolved": "https://registry.npmjs.org/remixicon/-/remixicon-4.4.0.tgz",
      "integrity": "sha512-6n0S4Mx2I35/Cb3gd4vB330sPh9kHTUK3AI0gGPt/y3Tiyg7ld9zwXY1Ssa3YwDdMArlDqUiEK1V3KS59ZnZYw==",
      "license": "Apache-2.0"
    }
  }
}
